// !$*UTF8*$!
{
	archiveVersion = 1;
	classes = {
	};
	objectVersion = 46;
	objects = {

/* Begin PBXBuildFile section */
		90408CB91ED468A700884700 /* nextTurnButton.png in Resources */ = {isa = PBXBuildFile; fileRef = 90408CB81ED468A700884700 /* nextTurnButton.png */; };
		90408CBB1ED4CB9600884700 /* saveButton.jpg in Resources */ = {isa = PBXBuildFile; fileRef = 90408CBA1ED4CB9600884700 /* saveButton.jpg */; };
		9060D62F1EC3238500DEB872 /* ResourcePath.mm in Sources */ = {isa = PBXBuildFile; fileRef = 9060D62E1EC3238500DEB872 /* ResourcePath.mm */; };
		9060D6321EC3238500DEB872 /* main.cpp in Sources */ = {isa = PBXBuildFile; fileRef = 9060D6311EC3238500DEB872 /* main.cpp */; };
		9060D6391EC3238500DEB872 /* sansation.ttf in Resources */ = {isa = PBXBuildFile; fileRef = 9060D6381EC3238500DEB872 /* sansation.ttf */; };
		9060D63B1EC3238500DEB872 /* icon.png in Resources */ = {isa = PBXBuildFile; fileRef = 9060D63A1EC3238500DEB872 /* icon.png */; };
		9060D6431EC329B000DEB872 /* Game.cpp in Sources */ = {isa = PBXBuildFile; fileRef = 9060D6411EC329B000DEB872 /* Game.cpp */; };
		9060D64F1EC3550D00DEB872 /* Entity.cpp in Sources */ = {isa = PBXBuildFile; fileRef = 9060D64D1EC3550D00DEB872 /* Entity.cpp */; };
		9060D6521EC3555400DEB872 /* ArcherEntity.cpp in Sources */ = {isa = PBXBuildFile; fileRef = 9060D6501EC3555400DEB872 /* ArcherEntity.cpp */; };
		9060D6551EC3556600DEB872 /* WarriorEntity.cpp in Sources */ = {isa = PBXBuildFile; fileRef = 9060D6531EC3556600DEB872 /* WarriorEntity.cpp */; };
		9060D6581EC3557600DEB872 /* KnightEntity.cpp in Sources */ = {isa = PBXBuildFile; fileRef = 9060D6561EC3557600DEB872 /* KnightEntity.cpp */; };
		9060D65B1EC3558F00DEB872 /* MageEntity.cpp in Sources */ = {isa = PBXBuildFile; fileRef = 9060D6591EC3558F00DEB872 /* MageEntity.cpp */; };
		9060D65E1EC355FA00DEB872 /* CavalierEntity.cpp in Sources */ = {isa = PBXBuildFile; fileRef = 9060D65C1EC355FA00DEB872 /* CavalierEntity.cpp */; };
		9060D6601EC61E1400DEB872 /* grassTile.png in Resources */ = {isa = PBXBuildFile; fileRef = 9060D65F1EC61E1400DEB872 /* grassTile.png */; };
		9060D6621EC68A5100DEB872 /* themeSong.mp3 in Resources */ = {isa = PBXBuildFile; fileRef = 9060D6611EC68A5100DEB872 /* themeSong.mp3 */; };
		906F3D811ED5A4A400E95C41 /* army.png in Resources */ = {isa = PBXBuildFile; fileRef = 906F3D801ED5A4A400E95C41 /* army.png */; };
/* End PBXBuildFile section */

/* Begin PBXFileReference section */
		90408CB81ED468A700884700 /* nextTurnButton.png */ = {isa = PBXFileReference; lastKnownFileType = image.png; path = nextTurnButton.png; sourceTree = "<group>"; };
		90408CBA1ED4CB9600884700 /* saveButton.jpg */ = {isa = PBXFileReference; lastKnownFileType = image.jpeg; path = saveButton.jpg; sourceTree = "<group>"; };
		9060D6291EC3238500DEB872 /* RPG-Game.app */ = {isa = PBXFileReference; explicitFileType = wrapper.application; includeInIndex = 0; path = "RPG-Game.app"; sourceTree = BUILT_PRODUCTS_DIR; };
		9060D62D1EC3238500DEB872 /* RPG-Game-Info.plist */ = {isa = PBXFileReference; lastKnownFileType = text.plist.xml; path = "RPG-Game-Info.plist"; sourceTree = "<group>"; };
		9060D62E1EC3238500DEB872 /* ResourcePath.mm */ = {isa = PBXFileReference; lastKnownFileType = sourcecode.cpp.objcpp; path = ResourcePath.mm; sourceTree = "<group>"; };
		9060D6301EC3238500DEB872 /* ResourcePath.hpp */ = {isa = PBXFileReference; lastKnownFileType = sourcecode.cpp.h; path = ResourcePath.hpp; sourceTree = "<group>"; };
		9060D6311EC3238500DEB872 /* main.cpp */ = {isa = PBXFileReference; lastKnownFileType = sourcecode.cpp.cpp; path = main.cpp; sourceTree = "<group>"; };
		9060D6381EC3238500DEB872 /* sansation.ttf */ = {isa = PBXFileReference; lastKnownFileType = file; path = sansation.ttf; sourceTree = "<group>"; };
		9060D63A1EC3238500DEB872 /* icon.png */ = {isa = PBXFileReference; lastKnownFileType = image.png; path = icon.png; sourceTree = "<group>"; };
		9060D6411EC329B000DEB872 /* Game.cpp */ = {isa = PBXFileReference; fileEncoding = 4; lastKnownFileType = sourcecode.cpp.cpp; path = Game.cpp; sourceTree = "<group>"; };
		9060D6421EC329B000DEB872 /* Game.hpp */ = {isa = PBXFileReference; fileEncoding = 4; lastKnownFileType = sourcecode.cpp.h; path = Game.hpp; sourceTree = "<group>"; };
		9060D64D1EC3550D00DEB872 /* Entity.cpp */ = {isa = PBXFileReference; fileEncoding = 4; lastKnownFileType = sourcecode.cpp.cpp; path = Entity.cpp; sourceTree = "<group>"; };
		9060D64E1EC3550D00DEB872 /* Entity.hpp */ = {isa = PBXFileReference; fileEncoding = 4; lastKnownFileType = sourcecode.cpp.h; path = Entity.hpp; sourceTree = "<group>"; };
		9060D6501EC3555400DEB872 /* ArcherEntity.cpp */ = {isa = PBXFileReference; fileEncoding = 4; lastKnownFileType = sourcecode.cpp.cpp; path = ArcherEntity.cpp; sourceTree = "<group>"; };
		9060D6511EC3555400DEB872 /* ArcherEntity.hpp */ = {isa = PBXFileReference; fileEncoding = 4; lastKnownFileType = sourcecode.cpp.h; path = ArcherEntity.hpp; sourceTree = "<group>"; };
		9060D6531EC3556600DEB872 /* WarriorEntity.cpp */ = {isa = PBXFileReference; fileEncoding = 4; lastKnownFileType = sourcecode.cpp.cpp; path = WarriorEntity.cpp; sourceTree = "<group>"; };
		9060D6541EC3556600DEB872 /* WarriorEntity.hpp */ = {isa = PBXFileReference; fileEncoding = 4; lastKnownFileType = sourcecode.cpp.h; path = WarriorEntity.hpp; sourceTree = "<group>"; };
		9060D6561EC3557600DEB872 /* KnightEntity.cpp */ = {isa = PBXFileReference; fileEncoding = 4; lastKnownFileType = sourcecode.cpp.cpp; path = KnightEntity.cpp; sourceTree = "<group>"; };
		9060D6571EC3557600DEB872 /* KnightEntity.hpp */ = {isa = PBXFileReference; fileEncoding = 4; lastKnownFileType = sourcecode.cpp.h; path = KnightEntity.hpp; sourceTree = "<group>"; };
		9060D6591EC3558F00DEB872 /* MageEntity.cpp */ = {isa = PBXFileReference; fileEncoding = 4; lastKnownFileType = sourcecode.cpp.cpp; path = MageEntity.cpp; sourceTree = "<group>"; };
		9060D65A1EC3558F00DEB872 /* MageEntity.hpp */ = {isa = PBXFileReference; fileEncoding = 4; lastKnownFileType = sourcecode.cpp.h; path = MageEntity.hpp; sourceTree = "<group>"; };
		9060D65C1EC355FA00DEB872 /* CavalierEntity.cpp */ = {isa = PBXFileReference; fileEncoding = 4; lastKnownFileType = sourcecode.cpp.cpp; path = CavalierEntity.cpp; sourceTree = "<group>"; };
		9060D65D1EC355FA00DEB872 /* CavalierEntity.hpp */ = {isa = PBXFileReference; fileEncoding = 4; lastKnownFileType = sourcecode.cpp.h; path = CavalierEntity.hpp; sourceTree = "<group>"; };
		9060D65F1EC61E1400DEB872 /* grassTile.png */ = {isa = PBXFileReference; lastKnownFileType = image.png; path = grassTile.png; sourceTree = "<group>"; };
		9060D6611EC68A5100DEB872 /* themeSong.mp3 */ = {isa = PBXFileReference; lastKnownFileType = audio.mp3; path = themeSong.mp3; sourceTree = "<group>"; };
		906F3D801ED5A4A400E95C41 /* army.png */ = {isa = PBXFileReference; lastKnownFileType = image.png; path = army.png; sourceTree = "<group>"; };
/* End PBXFileReference section */

/* Begin PBXFrameworksBuildPhase section */
		9060D6251EC3238400DEB872 /* Frameworks */ = {
			isa = PBXFrameworksBuildPhase;
			buildActionMask = 2147483647;
			files = (
			);
			runOnlyForDeploymentPostprocessing = 0;
		};
/* End PBXFrameworksBuildPhase section */

/* Begin PBXGroup section */
		9060D61F1EC3238400DEB872 = {
			isa = PBXGroup;
			children = (
				9060D62B1EC3238500DEB872 /* RPG-Game */,
				9060D62A1EC3238500DEB872 /* Products */,
			);
			sourceTree = "<group>";
		};
		9060D62A1EC3238500DEB872 /* Products */ = {
			isa = PBXGroup;
			children = (
				9060D6291EC3238500DEB872 /* RPG-Game.app */,
			);
			name = Products;
			sourceTree = "<group>";
		};
		9060D62B1EC3238500DEB872 /* RPG-Game */ = {
			isa = PBXGroup;
			children = (
				9060D62E1EC3238500DEB872 /* ResourcePath.mm */,
				9060D6301EC3238500DEB872 /* ResourcePath.hpp */,
				9060D6311EC3238500DEB872 /* main.cpp */,
				9060D6411EC329B000DEB872 /* Game.cpp */,
				9060D6421EC329B000DEB872 /* Game.hpp */,
				9060D64D1EC3550D00DEB872 /* Entity.cpp */,
				9060D64E1EC3550D00DEB872 /* Entity.hpp */,
				9060D6501EC3555400DEB872 /* ArcherEntity.cpp */,
				9060D6511EC3555400DEB872 /* ArcherEntity.hpp */,
				9060D6531EC3556600DEB872 /* WarriorEntity.cpp */,
				9060D6541EC3556600DEB872 /* WarriorEntity.hpp */,
				9060D6561EC3557600DEB872 /* KnightEntity.cpp */,
				9060D6571EC3557600DEB872 /* KnightEntity.hpp */,
				9060D6591EC3558F00DEB872 /* MageEntity.cpp */,
				9060D65A1EC3558F00DEB872 /* MageEntity.hpp */,
				9060D65C1EC355FA00DEB872 /* CavalierEntity.cpp */,
				9060D65D1EC355FA00DEB872 /* CavalierEntity.hpp */,
				9060D6331EC3238500DEB872 /* Resources */,
				9060D62C1EC3238500DEB872 /* Supporting Files */,
			);
			path = "RPG-Game";
			sourceTree = "<group>";
		};
		9060D62C1EC3238500DEB872 /* Supporting Files */ = {
			isa = PBXGroup;
			children = (
				9060D62D1EC3238500DEB872 /* RPG-Game-Info.plist */,
			);
			name = "Supporting Files";
			sourceTree = "<group>";
		};
		9060D6331EC3238500DEB872 /* Resources */ = {
			isa = PBXGroup;
			children = (
				906F3D801ED5A4A400E95C41 /* army.png */,
				90408CBA1ED4CB9600884700 /* saveButton.jpg */,
				90408CB81ED468A700884700 /* nextTurnButton.png */,
				9060D6611EC68A5100DEB872 /* themeSong.mp3 */,
				9060D65F1EC61E1400DEB872 /* grassTile.png */,
				9060D6381EC3238500DEB872 /* sansation.ttf */,
				9060D63A1EC3238500DEB872 /* icon.png */,
			);
			name = Resources;
			sourceTree = "<group>";
		};
/* End PBXGroup section */

/* Begin PBXNativeTarget section */
		9060D6281EC3238400DEB872 /* RPG-Game */ = {
			isa = PBXNativeTarget;
			buildConfigurationList = 9060D63E1EC3238500DEB872 /* Build configuration list for PBXNativeTarget "RPG-Game" */;
			buildPhases = (
				9060D6241EC3238400DEB872 /* Sources */,
				9060D6251EC3238400DEB872 /* Frameworks */,
				9060D6261EC3238400DEB872 /* Resources */,
				9060D6271EC3238400DEB872 /* ShellScript */,
			);
			buildRules = (
			);
			dependencies = (
			);
			name = "RPG-Game";
			productName = "RPG-Game";
			productReference = 9060D6291EC3238500DEB872 /* RPG-Game.app */;
			productType = "com.apple.product-type.application";
		};
/* End PBXNativeTarget section */

/* Begin PBXProject section */
		9060D6201EC3238400DEB872 /* Project object */ = {
			isa = PBXProject;
			attributes = {
				LastUpgradeCheck = 0830;
				ORGANIZATIONNAME = "Michał Dziewulski";
				TargetAttributes = {
					9060D6281EC3238400DEB872 = {
						CreatedOnToolsVersion = 8.3.2;
						DevelopmentTeam = MLWVFW33RV;
						ProvisioningStyle = Automatic;
					};
				};
			};
			buildConfigurationList = 9060D6231EC3238400DEB872 /* Build configuration list for PBXProject "RPG-Game" */;
			compatibilityVersion = "Xcode 3.2";
			developmentRegion = English;
			hasScannedForEncodings = 0;
			knownRegions = (
				en,
			);
			mainGroup = 9060D61F1EC3238400DEB872;
			productRefGroup = 9060D62A1EC3238500DEB872 /* Products */;
			projectDirPath = "";
			projectRoot = "";
			targets = (
				9060D6281EC3238400DEB872 /* RPG-Game */,
			);
		};
/* End PBXProject section */

/* Begin PBXResourcesBuildPhase section */
		9060D6261EC3238400DEB872 /* Resources */ = {
			isa = PBXResourcesBuildPhase;
			buildActionMask = 2147483647;
			files = (
				90408CBB1ED4CB9600884700 /* saveButton.jpg in Resources */,
				9060D6621EC68A5100DEB872 /* themeSong.mp3 in Resources */,
				9060D6601EC61E1400DEB872 /* grassTile.png in Resources */,
				9060D63B1EC3238500DEB872 /* icon.png in Resources */,
				906F3D811ED5A4A400E95C41 /* army.png in Resources */,
				9060D6391EC3238500DEB872 /* sansation.ttf in Resources */,
				90408CB91ED468A700884700 /* nextTurnButton.png in Resources */,
			);
			runOnlyForDeploymentPostprocessing = 0;
		};
/* End PBXResourcesBuildPhase section */

/* Begin PBXShellScriptBuildPhase section */
		9060D6271EC3238400DEB872 /* ShellScript */ = {
			isa = PBXShellScriptBuildPhase;
			buildActionMask = 2147483647;
			files = (
			);
			inputPaths = (
			);
			outputPaths = (
			);
			runOnlyForDeploymentPostprocessing = 0;
			shellPath = /bin/sh;
			shellScript = "# This shell script simply copies required SFML dylibs/frameworks into the application bundle frameworks folder.\n# If you're using static libraries (which is not recommended) you should remove this script from your project.\n\n# SETTINGS\nCMAKE_INSTALL_FRAMEWORK_PREFIX=\"/Library/Frameworks\"\nCMAKE_INSTALL_LIB_PREFIX=\"/usr/local/lib\"\nFRAMEWORKS_FULL_PATH=\"$BUILT_PRODUCTS_DIR/$FRAMEWORKS_FOLDER_PATH/\"\n\n# Are we building a project that uses frameworks or dylibs?\ncase \"$SFML_BINARY_TYPE\" in\n    DYLIBS)\n        frameworks=\"false\"\n        ;;\n    *)\n        frameworks=\"true\"\n        ;;\nesac\n\n# Echoes to stderr\nerror () # $* message to display\n{\n    echo $* 1>&2\n    exit 2\n}\n\nassert () # $1 is a boolean, $2...N is an error message\n{\n    if [ $# -lt 2 ]\n    then\n        error \"Internal error in assert: not enough args\"\n    fi\n\n    if [ $1 -ne 0 ]\n    then\n        shift\n        error \"$*\"\n    fi\n}\n\nforce_remove () # $@ is some paths\n{\n    test $# -ge 1\n    assert $? \"force_remove() requires at least one parameter\"\n    rm -fr $@\n    assert $? \"couldn't remove $@\"\n}\n\ncopy () # $1 is a source, $2 is a destination\n{\n    test $# -eq 2\n    assert $? \"copy() requires two parameters\"\n    ditto \"$1\" \"$2\"\n    assert $? \"couldn't copy $1 to $2\"\n}\n\nrequire () # $1 is a SFML module like 'system' or 'audio'\n{\n    dest=\"$BUILT_PRODUCTS_DIR/$FRAMEWORKS_FOLDER_PATH/\"\n\n    if [ -z \"$1\" ]\n    then\n        error \"require() requires one parameter!\"\n    else\n        # clean potentially old stuff\n        force_remove \"$dest/libsfml-$1\"*\n        force_remove \"$dest/sfml-$1.framework\"\n\n        # copy SFML libraries\n        if [ \"$frameworks\" = \"true\" ]\n        then\n            source=\"$CMAKE_INSTALL_FRAMEWORK_PREFIX/sfml-$1.framework\"\n            target=\"sfml-$1.framework\"\n        elif [ \"$SFML_LINK_DYLIBS_SUFFIX\" = \"-d\" ]\n        then\n            source=\"$CMAKE_INSTALL_LIB_PREFIX/libsfml-$1-d.dylib\"\n            target=\"`readlink $source`\"\n        else\n            source=\"$CMAKE_INSTALL_LIB_PREFIX/libsfml-$1.dylib\"\n            target=\"`readlink $source`\"\n        fi\n\n        copy \"$source\" \"$dest/$target\"\n\n        # copy extra dependencies\n        if [ \"$1\" = \"audio\" ]\n        then\n            # copy \"FLAC\" \"ogg\" \"vorbis\" \"vorbisenc\" \"vorbisfile\" \"OpenAL\" frameworks too\n            for f in \"FLAC\" \"ogg\" \"vorbis\" \"vorbisenc\" \"vorbisfile\" \"OpenAL\"\n            do\n                copy \"$CMAKE_INSTALL_FRAMEWORK_PREFIX/$f.framework\" \"$dest/$f.framework\"\n            done\n        elif [ \"$1\" = \"graphics\" ]\n        then\n            copy \"$CMAKE_INSTALL_FRAMEWORK_PREFIX/freetype.framework\" \"$dest/freetype.framework\"\n        fi\n    fi\n}\n\nif [ -n \"$SFML_SYSTEM\" ]\nthen\n    require \"system\"\nfi\n\nif [ -n \"$SFML_AUDIO\" ]\nthen\n    require \"audio\"\nfi\n\nif [ -n \"$SFML_NETWORK\" ]\nthen\n    require \"network\"\nfi\n\nif [ -n \"$SFML_WINDOW\" ]\nthen\n    require \"window\"\nfi\n\nif [ -n \"$SFML_GRAPHICS\" ]\nthen\n    require \"graphics\"\nfi\n\n                ";
		};
/* End PBXShellScriptBuildPhase section */

/* Begin PBXSourcesBuildPhase section */
		9060D6241EC3238400DEB872 /* Sources */ = {
			isa = PBXSourcesBuildPhase;
			buildActionMask = 2147483647;
			files = (
				9060D6431EC329B000DEB872 /* Game.cpp in Sources */,
				9060D64F1EC3550D00DEB872 /* Entity.cpp in Sources */,
				9060D6521EC3555400DEB872 /* ArcherEntity.cpp in Sources */,
				9060D6551EC3556600DEB872 /* WarriorEntity.cpp in Sources */,
				9060D6321EC3238500DEB872 /* main.cpp in Sources */,
				9060D6581EC3557600DEB872 /* KnightEntity.cpp in Sources */,
				9060D65B1EC3558F00DEB872 /* MageEntity.cpp in Sources */,
				9060D62F1EC3238500DEB872 /* ResourcePath.mm in Sources */,
				9060D65E1EC355FA00DEB872 /* CavalierEntity.cpp in Sources */,
			);
			runOnlyForDeploymentPostprocessing = 0;
		};
/* End PBXSourcesBuildPhase section */

/* Begin XCBuildConfiguration section */
		9060D63C1EC3238500DEB872 /* Debug */ = {
			isa = XCBuildConfiguration;
			buildSettings = {
				ARCHS = "$(NATIVE_ARCH_ACTUAL)";
				CLANG_CXX_LANGUAGE_STANDARD = "c++0x";
				CLANG_CXX_LIBRARY = "libc++";
				FRAMEWORK_SEARCH_PATHS = (
					/Library/Frameworks/,
					"$(inherited)",
				);
				GCC_VERSION = com.apple.compilers.llvm.clang.1_0;
				HEADER_SEARCH_PATHS = (
					/usr/local/include/,
					"$(inherited)",
				);
				LIBRARY_SEARCH_PATHS = (
					/usr/local/lib/,
					"$(inherited)",
				);
				MACOSX_DEPLOYMENT_TARGET = 10.7;
				OTHER_LDFLAGS = (
					"$(inherited)",
					"$(SFML_SYSTEM)",
					"$(SFML_WINDOW)",
					"$(SFML_GRAPHICS)",
					"$(SFML_AUDIO)",
					"$(SFML_NETWORK)",
				);
				SFML_AUDIO = "$(SFML_LINK_PREFIX) sfml-audio$(SFML_LINK_SUFFIX)";
				SFML_BINARY_TYPE = FRAMEWORKS;
				SFML_GRAPHICS = "$(SFML_LINK_PREFIX) sfml-graphics$(SFML_LINK_SUFFIX)";
				SFML_LINK_DYLIBS_PREFIX = "-l";
				SFML_LINK_DYLIBS_SUFFIX = "";
				SFML_LINK_FRAMEWORKS_PREFIX = "-framework";
				SFML_LINK_FRAMEWORKS_SUFFIX = "";
				SFML_LINK_PREFIX = "$(SFML_LINK_$(SFML_BINARY_TYPE)_PREFIX)";
				SFML_LINK_SUFFIX = "$(SFML_LINK_$(SFML_BINARY_TYPE)_SUFFIX)";
				SFML_NETWORK = "";
				SFML_SYSTEM = "$(SFML_LINK_PREFIX) sfml-system$(SFML_LINK_SUFFIX)";
				SFML_WINDOW = "$(SFML_LINK_PREFIX) sfml-window$(SFML_LINK_SUFFIX)";
				SUPPORTED_PLATFORMS = macosx;
			};
			name = Debug;
		};
		9060D63D1EC3238500DEB872 /* Release */ = {
			isa = XCBuildConfiguration;
			buildSettings = {
				ARCHS = "$(NATIVE_ARCH_ACTUAL)";
				CLANG_CXX_LANGUAGE_STANDARD = "c++0x";
				CLANG_CXX_LIBRARY = "libc++";
				FRAMEWORK_SEARCH_PATHS = (
					/Library/Frameworks/,
					"$(inherited)",
				);
				GCC_VERSION = com.apple.compilers.llvm.clang.1_0;
				HEADER_SEARCH_PATHS = (
					/usr/local/include/,
					"$(inherited)",
				);
				LIBRARY_SEARCH_PATHS = (
					/usr/local/lib/,
					"$(inherited)",
				);
				MACOSX_DEPLOYMENT_TARGET = 10.7;
				OTHER_LDFLAGS = (
					"$(inherited)",
					"$(SFML_SYSTEM)",
					"$(SFML_WINDOW)",
					"$(SFML_GRAPHICS)",
					"$(SFML_AUDIO)",
					"$(SFML_NETWORK)",
				);
				SFML_AUDIO = "$(SFML_LINK_PREFIX) sfml-audio$(SFML_LINK_SUFFIX)";
				SFML_BINARY_TYPE = FRAMEWORKS;
				SFML_GRAPHICS = "$(SFML_LINK_PREFIX) sfml-graphics$(SFML_LINK_SUFFIX)";
				SFML_LINK_DYLIBS_PREFIX = "-l";
				SFML_LINK_DYLIBS_SUFFIX = "";
				SFML_LINK_FRAMEWORKS_PREFIX = "-framework";
				SFML_LINK_FRAMEWORKS_SUFFIX = "";
				SFML_LINK_PREFIX = "$(SFML_LINK_$(SFML_BINARY_TYPE)_PREFIX)";
				SFML_LINK_SUFFIX = "$(SFML_LINK_$(SFML_BINARY_TYPE)_SUFFIX)";
				SFML_NETWORK = "";
				SFML_SYSTEM = "$(SFML_LINK_PREFIX) sfml-system$(SFML_LINK_SUFFIX)";
				SFML_WINDOW = "$(SFML_LINK_PREFIX) sfml-window$(SFML_LINK_SUFFIX)";
				SUPPORTED_PLATFORMS = macosx;
			};
			name = Release;
		};
		9060D63F1EC3238500DEB872 /* Debug */ = {
			isa = XCBuildConfiguration;
			buildSettings = {
				DEVELOPMENT_TEAM = MLWVFW33RV;
				INFOPLIST_FILE = "RPG-Game/RPG-Game-Info.plist";
				LD_RUNPATH_SEARCH_PATHS = "@loader_path/../Frameworks";
				PRODUCT_NAME = "$(TARGET_NAME)";
			};
			name = Debug;
		};
		9060D6401EC3238500DEB872 /* Release */ = {
			isa = XCBuildConfiguration;
			buildSettings = {
				DEVELOPMENT_TEAM = MLWVFW33RV;
				INFOPLIST_FILE = "RPG-Game/RPG-Game-Info.plist";
				LD_RUNPATH_SEARCH_PATHS = "@loader_path/../Frameworks";
				PRODUCT_NAME = "$(TARGET_NAME)";
			};
			name = Release;
		};
/* End XCBuildConfiguration section */

/* Begin XCConfigurationList section */
		9060D6231EC3238400DEB872 /* Build configuration list for PBXProject "RPG-Game" */ = {
			isa = XCConfigurationList;
			buildConfigurations = (
				9060D63C1EC3238500DEB872 /* Debug */,
				9060D63D1EC3238500DEB872 /* Release */,
			);
			defaultConfigurationIsVisible = 0;
			defaultConfigurationName = Release;
		};
		9060D63E1EC3238500DEB872 /* Build configuration list for PBXNativeTarget "RPG-Game" */ = {
			isa = XCConfigurationList;
			buildConfigurations = (
				9060D63F1EC3238500DEB872 /* Debug */,
				9060D6401EC3238500DEB872 /* Release */,
			);
			defaultConfigurationIsVisible = 0;
			defaultConfigurationName = Release;
		};
/* End XCConfigurationList section */
	};
	rootObject = 9060D6201EC3238400DEB872 /* Project object */;
}
